
Microsoft Visual Studio Solution File, Format Version 12.00
# Visual Studio Version 17
VisualStudioVersion = 17.8.34309.116
MinimumVisualStudioVersion = 10.0.40219.1
Project("{FAE04EC0-301F-11D3-BF4B-00C04F79EFBC}") = "SmartSchool", "SmartSchool\SmartSchool.csproj", "{E30E87E6-A0A9-4715-9246-87CF0A997CAC}"
EndProject
Global
	GlobalSection(SolutionConfigurationPlatforms) = preSolution
		Debug|Any CPU = Debug|Any CPU
		Release|Any CPU = Release|Any CPU
	EndGlobalSection
	GlobalSection(ProjectConfigurationPlatforms) = postSolution
		{E30E87E6-A0A9-4715-9246-87CF0A997CAC}.Debug|Any CPU.ActiveCfg = Debug|Any CPU
		{E30E87E6-A0A9-4715-9246-87CF0A997CAC}.Debug|Any CPU.Build.0 = Debug|Any CPU
		{E30E87E6-A0A9-4715-9246-87CF0A997CAC}.Release|Any CPU.ActiveCfg = Release|Any CPU
		{E30E87E6-A0A9-4715-9246-87CF0A997CAC}.Release|Any CPU.Build.0 = Release|Any CPU
	EndGlobalSection
	GlobalSection(SolutionProperties) = preSolution
		HideSolutionNode = FALSE
	EndGlobalSection
	GlobalSection(ExtensibilityGlobals) = postSolution
		SolutionGuid = {477EF40F-18D2-4F8C-96EE-85F7889CAD74}
	EndGlobalSection
EndGlobal
